
Microsoft Visual Studio Solution File, Format Version 12.00
# Visual Studio Version 16
VisualStudioVersion = 16.0.29905.134
MinimumVisualStudioVersion = 10.0.40219.1
Project("{FAE04EC0-301F-11D3-BF4B-00C04F79EFBC}") = "TestHelpers", "TestHelpers.csproj", "{F26CB940-A2AD-4E36-A94D-7F83364FDBE7}"
EndProject
Global
	GlobalSection(SolutionConfigurationPlatforms) = preSolution
		Debug|Any CPU = Debug|Any CPU
		Debug|x64 = Debug|x64
		DebugCI|Any CPU = DebugCI|Any CPU
		DebugCI|x64 = DebugCI|x64
		Release|Any CPU = Release|Any CPU
		Release|x64 = Release|x64
	EndGlobalSection
	GlobalSection(ProjectConfigurationPlatforms) = postSolution
		{F26CB940-A2AD-4E36-A94D-7F83364FDBE7}.Debug|Any CPU.ActiveCfg = Debug|Any CPU
		{F26CB940-A2AD-4E36-A94D-7F83364FDBE7}.Debug|Any CPU.Build.0 = Debug|Any CPU
		{F26CB940-A2AD-4E36-A94D-7F83364FDBE7}.Debug|x64.ActiveCfg = Debug|x64
		{F26CB940-A2AD-4E36-A94D-7F83364FDBE7}.Debug|x64.Build.0 = Debug|x64
		{F26CB940-A2AD-4E36-A94D-7F83364FDBE7}.DebugCI|Any CPU.ActiveCfg = DebugCI|Any CPU
		{F26CB940-A2AD-4E36-A94D-7F83364FDBE7}.DebugCI|Any CPU.Build.0 = DebugCI|Any CPU
		{F26CB940-A2AD-4E36-A94D-7F83364FDBE7}.DebugCI|x64.ActiveCfg = DebugCI|x64
		{F26CB940-A2AD-4E36-A94D-7F83364FDBE7}.DebugCI|x64.Build.0 = DebugCI|x64
		{F26CB940-A2AD-4E36-A94D-7F83364FDBE7}.Release|Any CPU.ActiveCfg = Release|Any CPU
		{F26CB940-A2AD-4E36-A94D-7F83364FDBE7}.Release|Any CPU.Build.0 = Release|Any CPU
		{F26CB940-A2AD-4E36-A94D-7F83364FDBE7}.Release|x64.ActiveCfg = Release|x64
		{F26CB940-A2AD-4E36-A94D-7F83364FDBE7}.Release|x64.Build.0 = Release|x64
	EndGlobalSection
	GlobalSection(SolutionProperties) = preSolution
		HideSolutionNode = FALSE
	EndGlobalSection
	GlobalSection(ExtensibilityGlobals) = postSolution
		SolutionGuid = {1972115F-E766-4E7E-9F4F-33F1119EE7F9}
	EndGlobalSection
EndGlobal
